// !$*UTF8*$!
{
	archiveVersion = 1;
	classes = {
	};
	objectVersion = 55;
	objects = {

/* Begin PBXBuildFile section */
		19ACC92628A411820085EF80 /* AppDelegate.swift in Sources */ = {isa = PBXBuildFile; fileRef = 19ACC92528A411820085EF80 /* AppDelegate.swift */; };
		19ACC92828A411820085EF80 /* SceneDelegate.swift in Sources */ = {isa = PBXBuildFile; fileRef = 19ACC92728A411820085EF80 /* SceneDelegate.swift */; };
		19ACC92A28A411820085EF80 /* ViewController.swift in Sources */ = {isa = PBXBuildFile; fileRef = 19ACC92928A411820085EF80 /* ViewController.swift */; };
		19ACC92D28A411820085EF80 /* Main.storyboard in Resources */ = {isa = PBXBuildFile; fileRef = 19ACC92B28A411820085EF80 /* Main.storyboard */; };
		19ACC92F28A411860085EF80 /* Assets.xcassets in Resources */ = {isa = PBXBuildFile; fileRef = 19ACC92E28A411860085EF80 /* Assets.xcassets */; };
		19ACC93228A411860085EF80 /* LaunchScreen.storyboard in Resources */ = {isa = PBXBuildFile; fileRef = 19ACC93028A411860085EF80 /* LaunchScreen.storyboard */; };
		19ACC93A28A418690085EF80 /* UserCell.swift in Sources */ = {isa = PBXBuildFile; fileRef = 19ACC93928A418690085EF80 /* UserCell.swift */; };
		19ACC93C28A41A980085EF80 /* User.swift in Sources */ = {isa = PBXBuildFile; fileRef = 19ACC93B28A41A980085EF80 /* User.swift */; };
		19ACC93E28A41C4D0085EF80 /* UserRepository.swift in Sources */ = {isa = PBXBuildFile; fileRef = 19ACC93D28A41C4D0085EF80 /* UserRepository.swift */; };
		19ACC94028A41CD30085EF80 /* ViewModel.swift in Sources */ = {isa = PBXBuildFile; fileRef = 19ACC93F28A41CD30085EF80 /* ViewModel.swift */; };
		19ACC94428A56FD10085EF80 /* InfoView.swift in Sources */ = {isa = PBXBuildFile; fileRef = 19ACC94328A56FD10085EF80 /* InfoView.swift */; };
		F97813F478D2B7FDC0D731AA /* Pods_Justo.framework in Frameworks */ = {isa = PBXBuildFile; fileRef = EC69967F3B273E97C8E1245A /* Pods_Justo.framework */; };
/* End PBXBuildFile section */

/* Begin PBXFileReference section */
		19ACC92228A411820085EF80 /* Justo.app */ = {isa = PBXFileReference; explicitFileType = wrapper.application; includeInIndex = 0; path = Justo.app; sourceTree = BUILT_PRODUCTS_DIR; };
		19ACC92528A411820085EF80 /* AppDelegate.swift */ = {isa = PBXFileReference; lastKnownFileType = sourcecode.swift; path = AppDelegate.swift; sourceTree = "<group>"; };
		19ACC92728A411820085EF80 /* SceneDelegate.swift */ = {isa = PBXFileReference; lastKnownFileType = sourcecode.swift; path = SceneDelegate.swift; sourceTree = "<group>"; };
		19ACC92928A411820085EF80 /* ViewController.swift */ = {isa = PBXFileReference; lastKnownFileType = sourcecode.swift; path = ViewController.swift; sourceTree = "<group>"; };
		19ACC92C28A411820085EF80 /* Base */ = {isa = PBXFileReference; lastKnownFileType = file.storyboard; name = Base; path = Base.lproj/Main.storyboard; sourceTree = "<group>"; };
		19ACC92E28A411860085EF80 /* Assets.xcassets */ = {isa = PBXFileReference; lastKnownFileType = folder.assetcatalog; path = Assets.xcassets; sourceTree = "<group>"; };
		19ACC93128A411860085EF80 /* Base */ = {isa = PBXFileReference; lastKnownFileType = file.storyboard; name = Base; path = Base.lproj/LaunchScreen.storyboard; sourceTree = "<group>"; };
		19ACC93328A411860085EF80 /* Info.plist */ = {isa = PBXFileReference; lastKnownFileType = text.plist.xml; path = Info.plist; sourceTree = "<group>"; };
		19ACC93928A418690085EF80 /* UserCell.swift */ = {isa = PBXFileReference; lastKnownFileType = sourcecode.swift; path = UserCell.swift; sourceTree = "<group>"; };
		19ACC93B28A41A980085EF80 /* User.swift */ = {isa = PBXFileReference; lastKnownFileType = sourcecode.swift; path = User.swift; sourceTree = "<group>"; };
		19ACC93D28A41C4D0085EF80 /* UserRepository.swift */ = {isa = PBXFileReference; lastKnownFileType = sourcecode.swift; path = UserRepository.swift; sourceTree = "<group>"; };
		19ACC93F28A41CD30085EF80 /* ViewModel.swift */ = {isa = PBXFileReference; lastKnownFileType = sourcecode.swift; path = ViewModel.swift; sourceTree = "<group>"; };
		19ACC94328A56FD10085EF80 /* InfoView.swift */ = {isa = PBXFileReference; lastKnownFileType = sourcecode.swift; path = InfoView.swift; sourceTree = "<group>"; };
		3DF6574845A352F569A133BD /* Pods-Justo.release.xcconfig */ = {isa = PBXFileReference; includeInIndex = 1; lastKnownFileType = text.xcconfig; name = "Pods-Justo.release.xcconfig"; path = "Target Support Files/Pods-Justo/Pods-Justo.release.xcconfig"; sourceTree = "<group>"; };
		C41D2A506D64479D40EFFAD4 /* Pods-Justo.debug.xcconfig */ = {isa = PBXFileReference; includeInIndex = 1; lastKnownFileType = text.xcconfig; name = "Pods-Justo.debug.xcconfig"; path = "Target Support Files/Pods-Justo/Pods-Justo.debug.xcconfig"; sourceTree = "<group>"; };
		EC69967F3B273E97C8E1245A /* Pods_Justo.framework */ = {isa = PBXFileReference; explicitFileType = wrapper.framework; includeInIndex = 0; path = Pods_Justo.framework; sourceTree = BUILT_PRODUCTS_DIR; };
/* End PBXFileReference section */

/* Begin PBXFrameworksBuildPhase section */
		19ACC91F28A411820085EF80 /* Frameworks */ = {
			isa = PBXFrameworksBuildPhase;
			buildActionMask = 2147483647;
			files = (
				F97813F478D2B7FDC0D731AA /* Pods_Justo.framework in Frameworks */,
			);
			runOnlyForDeploymentPostprocessing = 0;
		};
/* End PBXFrameworksBuildPhase section */

/* Begin PBXGroup section */
		19ACC91928A411820085EF80 = {
			isa = PBXGroup;
			children = (
				19ACC92428A411820085EF80 /* Justo */,
				19ACC92328A411820085EF80 /* Products */,
				9DCC04100A534AA548A8A89B /* Pods */,
				FD39411A192627175EF13110 /* Frameworks */,
			);
			sourceTree = "<group>";
		};
		19ACC92328A411820085EF80 /* Products */ = {
			isa = PBXGroup;
			children = (
				19ACC92228A411820085EF80 /* Justo.app */,
			);
			name = Products;
			sourceTree = "<group>";
		};
		19ACC92428A411820085EF80 /* Justo */ = {
			isa = PBXGroup;
			children = (
				19ACC93328A411860085EF80 /* Info.plist */,
				19ACC94828A6B97A0085EF80 /* Resources */,
				19ACC94728A6B93F0085EF80 /* ViewModel */,
				19ACC94628A6B9330085EF80 /* Views */,
				19ACC94528A6B9260085EF80 /* Models */,
			);
			path = Justo;
			sourceTree = "<group>";
		};
		19ACC94528A6B9260085EF80 /* Models */ = {
			isa = PBXGroup;
			children = (
				19ACC93B28A41A980085EF80 /* User.swift */,
			);
			path = Models;
			sourceTree = "<group>";
		};
		19ACC94628A6B9330085EF80 /* Views */ = {
			isa = PBXGroup;
			children = (
				19ACC92E28A411860085EF80 /* Assets.xcassets */,
				19ACC94328A56FD10085EF80 /* InfoView.swift */,
				19ACC93928A418690085EF80 /* UserCell.swift */,
			);
			path = Views;
			sourceTree = "<group>";
		};
		19ACC94728A6B93F0085EF80 /* ViewModel */ = {
			isa = PBXGroup;
			children = (
				19ACC93D28A41C4D0085EF80 /* UserRepository.swift */,
				19ACC93F28A41CD30085EF80 /* ViewModel.swift */,
			);
			path = ViewModel;
			sourceTree = "<group>";
		};
		19ACC94828A6B97A0085EF80 /* Resources */ = {
			isa = PBXGroup;
			children = (
				19ACC92528A411820085EF80 /* AppDelegate.swift */,
				19ACC92728A411820085EF80 /* SceneDelegate.swift */,
				19ACC92928A411820085EF80 /* ViewController.swift */,
				19ACC92B28A411820085EF80 /* Main.storyboard */,
				19ACC93028A411860085EF80 /* LaunchScreen.storyboard */,
			);
			path = Resources;
			sourceTree = "<group>";
		};
		9DCC04100A534AA548A8A89B /* Pods */ = {
			isa = PBXGroup;
			children = (
				C41D2A506D64479D40EFFAD4 /* Pods-Justo.debug.xcconfig */,
				3DF6574845A352F569A133BD /* Pods-Justo.release.xcconfig */,
			);
			path = Pods;
			sourceTree = "<group>";
		};
		FD39411A192627175EF13110 /* Frameworks */ = {
			isa = PBXGroup;
			children = (
				EC69967F3B273E97C8E1245A /* Pods_Justo.framework */,
			);
			name = Frameworks;
			sourceTree = "<group>";
		};
/* End PBXGroup section */

/* Begin PBXNativeTarget section */
		19ACC92128A411820085EF80 /* Justo */ = {
			isa = PBXNativeTarget;
			buildConfigurationList = 19ACC93628A411860085EF80 /* Build configuration list for PBXNativeTarget "Justo" */;
			buildPhases = (
				450FBFA2E3837A28120D7A2A /* [CP] Check Pods Manifest.lock */,
				19ACC91E28A411820085EF80 /* Sources */,
				19ACC91F28A411820085EF80 /* Frameworks */,
				19ACC92028A411820085EF80 /* Resources */,
				34E548C7C286815EC670ADC8 /* [CP] Embed Pods Frameworks */,
			);
			buildRules = (
			);
			dependencies = (
			);
			name = Justo;
			productName = Justo;
			productReference = 19ACC92228A411820085EF80 /* Justo.app */;
			productType = "com.apple.product-type.application";
		};
/* End PBXNativeTarget section */

/* Begin PBXProject section */
		19ACC91A28A411820085EF80 /* Project object */ = {
			isa = PBXProject;
			attributes = {
				BuildIndependentTargetsInParallel = 1;
				LastSwiftUpdateCheck = 1330;
				LastUpgradeCheck = 1330;
				TargetAttributes = {
					19ACC92128A411820085EF80 = {
						CreatedOnToolsVersion = 13.3.1;
					};
				};
			};
			buildConfigurationList = 19ACC91D28A411820085EF80 /* Build configuration list for PBXProject "Justo" */;
			compatibilityVersion = "Xcode 13.0";
			developmentRegion = en;
			hasScannedForEncodings = 0;
			knownRegions = (
				en,
				Base,
			);
			mainGroup = 19ACC91928A411820085EF80;
			productRefGroup = 19ACC92328A411820085EF80 /* Products */;
			projectDirPath = "";
			projectRoot = "";
			targets = (
				19ACC92128A411820085EF80 /* Justo */,
			);
		};
/* End PBXProject section */

/* Begin PBXResourcesBuildPhase section */
		19ACC92028A411820085EF80 /* Resources */ = {
			isa = PBXResourcesBuildPhase;
			buildActionMask = 2147483647;
			files = (
				19ACC93228A411860085EF80 /* LaunchScreen.storyboard in Resources */,
				19ACC92F28A411860085EF80 /* Assets.xcassets in Resources */,
				19ACC92D28A411820085EF80 /* Main.storyboard in Resources */,
			);
			runOnlyForDeploymentPostprocessing = 0;
		};
/* End PBXResourcesBuildPhase section */

/* Begin PBXShellScriptBuildPhase section */
		34E548C7C286815EC670ADC8 /* [CP] Embed Pods Frameworks */ = {
			isa = PBXShellScriptBuildPhase;
			buildActionMask = 2147483647;
			files = (
			);
			inputFileListPaths = (
				"${PODS_ROOT}/Target Support Files/Pods-Justo/Pods-Justo-frameworks-${CONFIGURATION}-input-files.xcfilelist",
			);
			name = "[CP] Embed Pods Frameworks";
			outputFileListPaths = (
				"${PODS_ROOT}/Target Support Files/Pods-Justo/Pods-Justo-frameworks-${CONFIGURATION}-output-files.xcfilelist",
			);
			runOnlyForDeploymentPostprocessing = 0;
			shellPath = /bin/sh;
			shellScript = "\"${PODS_ROOT}/Target Support Files/Pods-Justo/Pods-Justo-frameworks.sh\"\n";
			showEnvVarsInLog = 0;
		};
		450FBFA2E3837A28120D7A2A /* [CP] Check Pods Manifest.lock */ = {
			isa = PBXShellScriptBuildPhase;
			buildActionMask = 2147483647;
			files = (
			);
			inputFileListPaths = (
			);
			inputPaths = (
				"${PODS_PODFILE_DIR_PATH}/Podfile.lock",
				"${PODS_ROOT}/Manifest.lock",
			);
			name = "[CP] Check Pods Manifest.lock";
			outputFileListPaths = (
			);
			outputPaths = (
				"$(DERIVED_FILE_DIR)/Pods-Justo-checkManifestLockResult.txt",
			);
			runOnlyForDeploymentPostprocessing = 0;
			shellPath = /bin/sh;
			shellScript = "diff \"${PODS_PODFILE_DIR_PATH}/Podfile.lock\" \"${PODS_ROOT}/Manifest.lock\" > /dev/null\nif [ $? != 0 ] ; then\n    # print error to STDERR\n    echo \"error: The sandbox is not in sync with the Podfile.lock. Run 'pod install' or update your CocoaPods installation.\" >&2\n    exit 1\nfi\n# This output is used by Xcode 'outputs' to avoid re-running this script phase.\necho \"SUCCESS\" > \"${SCRIPT_OUTPUT_FILE_0}\"\n";
			showEnvVarsInLog = 0;
		};
/* End PBXShellScriptBuildPhase section */

/* Begin PBXSourcesBuildPhase section */
		19ACC91E28A411820085EF80 /* Sources */ = {
			isa = PBXSourcesBuildPhase;
			buildActionMask = 2147483647;
			files = (
				19ACC93A28A418690085EF80 /* UserCell.swift in Sources */,
				19ACC92A28A411820085EF80 /* ViewController.swift in Sources */,
				19ACC93E28A41C4D0085EF80 /* UserRepository.swift in Sources */,
				19ACC92628A411820085EF80 /* AppDelegate.swift in Sources */,
				19ACC93C28A41A980085EF80 /* User.swift in Sources */,
				19ACC92828A411820085EF80 /* SceneDelegate.swift in Sources */,
				19ACC94428A56FD10085EF80 /* InfoView.swift in Sources */,
				19ACC94028A41CD30085EF80 /* ViewModel.swift in Sources */,
			);
			runOnlyForDeploymentPostprocessing = 0;
		};
/* End PBXSourcesBuildPhase section */

/* Begin PBXVariantGroup section */
		19ACC92B28A411820085EF80 /* Main.storyboard */ = {
			isa = PBXVariantGroup;
			children = (
				19ACC92C28A411820085EF80 /* Base */,
			);
			name = Main.storyboard;
			sourceTree = "<group>";
		};
		19ACC93028A411860085EF80 /* LaunchScreen.storyboard */ = {
			isa = PBXVariantGroup;
			children = (
				19ACC93128A411860085EF80 /* Base */,
			);
			name = LaunchScreen.storyboard;
			sourceTree = "<group>";
		};
/* End PBXVariantGroup section */

/* Begin XCBuildConfiguration section */
		19ACC93428A411860085EF80 /* Debug */ = {
			isa = XCBuildConfiguration;
			buildSettings = {
				ALWAYS_SEARCH_USER_PATHS = NO;
				CLANG_ANALYZER_NONNULL = YES;
				CLANG_ANALYZER_NUMBER_OBJECT_CONVERSION = YES_AGGRESSIVE;
				CLANG_CXX_LANGUAGE_STANDARD = "gnu++17";
				CLANG_ENABLE_MODULES = YES;
				CLANG_ENABLE_OBJC_ARC = YES;
				CLANG_ENABLE_OBJC_WEAK = YES;
				CLANG_WARN_BLOCK_CAPTURE_AUTORELEASING = YES;
				CLANG_WARN_BOOL_CONVERSION = YES;
				CLANG_WARN_COMMA = YES;
				CLANG_WARN_CONSTANT_CONVERSION = YES;
				CLANG_WARN_DEPRECATED_OBJC_IMPLEMENTATIONS = YES;
				CLANG_WARN_DIRECT_OBJC_ISA_USAGE = YES_ERROR;
				CLANG_WARN_DOCUMENTATION_COMMENTS = YES;
				CLANG_WARN_EMPTY_BODY = YES;
				CLANG_WARN_ENUM_CONVERSION = YES;
				CLANG_WARN_INFINITE_RECURSION = YES;
				CLANG_WARN_INT_CONVERSION = YES;
				CLANG_WARN_NON_LITERAL_NULL_CONVERSION = YES;
				CLANG_WARN_OBJC_IMPLICIT_RETAIN_SELF = YES;
				CLANG_WARN_OBJC_LITERAL_CONVERSION = YES;
				CLANG_WARN_OBJC_ROOT_CLASS = YES_ERROR;
				CLANG_WARN_QUOTED_INCLUDE_IN_FRAMEWORK_HEADER = YES;
				CLANG_WARN_RANGE_LOOP_ANALYSIS = YES;
				CLANG_WARN_STRICT_PROTOTYPES = YES;
				CLANG_WARN_SUSPICIOUS_MOVE = YES;
				CLANG_WARN_UNGUARDED_AVAILABILITY = YES_AGGRESSIVE;
				CLANG_WARN_UNREACHABLE_CODE = YES;
				CLANG_WARN__DUPLICATE_METHOD_MATCH = YES;
				COPY_PHASE_STRIP = NO;
				DEBUG_INFORMATION_FORMAT = dwarf;
				ENABLE_STRICT_OBJC_MSGSEND = YES;
				ENABLE_TESTABILITY = YES;
				GCC_C_LANGUAGE_STANDARD = gnu11;
				GCC_DYNAMIC_NO_PIC = NO;
				GCC_NO_COMMON_BLOCKS = YES;
				GCC_OPTIMIZATION_LEVEL = 0;
				GCC_PREPROCESSOR_DEFINITIONS = (
					"DEBUG=1",
					"$(inherited)",
				);
				GCC_WARN_64_TO_32_BIT_CONVERSION = YES;
				GCC_WARN_ABOUT_RETURN_TYPE = YES_ERROR;
				GCC_WARN_UNDECLARED_SELECTOR = YES;
				GCC_WARN_UNINITIALIZED_AUTOS = YES_AGGRESSIVE;
				GCC_WARN_UNUSED_FUNCTION = YES;
				GCC_WARN_UNUSED_VARIABLE = YES;
				IPHONEOS_DEPLOYMENT_TARGET = 15.4;
				MTL_ENABLE_DEBUG_INFO = INCLUDE_SOURCE;
				MTL_FAST_MATH = YES;
				ONLY_ACTIVE_ARCH = YES;
				SDKROOT = iphoneos;
				SWIFT_ACTIVE_COMPILATION_CONDITIONS = DEBUG;
				SWIFT_OPTIMIZATION_LEVEL = "-Onone";
			};
			name = Debug;
		};
		19ACC93528A411860085EF80 /* Release */ = {
			isa = XCBuildConfiguration;
			buildSettings = {
				ALWAYS_SEARCH_USER_PATHS = NO;
				CLANG_ANALYZER_NONNULL = YES;
				CLANG_ANALYZER_NUMBER_OBJECT_CONVERSION = YES_AGGRESSIVE;
				CLANG_CXX_LANGUAGE_STANDARD = "gnu++17";
				CLANG_ENABLE_MODULES = YES;
				CLANG_ENABLE_OBJC_ARC = YES;
				CLANG_ENABLE_OBJC_WEAK = YES;
				CLANG_WARN_BLOCK_CAPTURE_AUTORELEASING = YES;
				CLANG_WARN_BOOL_CONVERSION = YES;
				CLANG_WARN_COMMA = YES;
				CLANG_WARN_CONSTANT_CONVERSION = YES;
				CLANG_WARN_DEPRECATED_OBJC_IMPLEMENTATIONS = YES;
				CLANG_WARN_DIRECT_OBJC_ISA_USAGE = YES_ERROR;
				CLANG_WARN_DOCUMENTATION_COMMENTS = YES;
				CLANG_WARN_EMPTY_BODY = YES;
				CLANG_WARN_ENUM_CONVERSION = YES;
				CLANG_WARN_INFINITE_RECURSION = YES;
				CLANG_WARN_INT_CONVERSION = YES;
				CLANG_WARN_NON_LITERAL_NULL_CONVERSION = YES;
				CLANG_WARN_OBJC_IMPLICIT_RETAIN_SELF = YES;
				CLANG_WARN_OBJC_LITERAL_CONVERSION = YES;
				CLANG_WARN_OBJC_ROOT_CLASS = YES_ERROR;
				CLANG_WARN_QUOTED_INCLUDE_IN_FRAMEWORK_HEADER = YES;
				CLANG_WARN_RANGE_LOOP_ANALYSIS = YES;
				CLANG_WARN_STRICT_PROTOTYPES = YES;
				CLANG_WARN_SUSPICIOUS_MOVE = YES;
				CLANG_WARN_UNGUARDED_AVAILABILITY = YES_AGGRESSIVE;
				CLANG_WARN_UNREACHABLE_CODE = YES;
				CLANG_WARN__DUPLICATE_METHOD_MATCH = YES;
				COPY_PHASE_STRIP = NO;
				DEBUG_INFORMATION_FORMAT = "dwarf-with-dsym";
				ENABLE_NS_ASSERTIONS = NO;
				ENABLE_STRICT_OBJC_MSGSEND = YES;
				GCC_C_LANGUAGE_STANDARD = gnu11;
				GCC_NO_COMMON_BLOCKS = YES;
				GCC_WARN_64_TO_32_BIT_CONVERSION = YES;
				GCC_WARN_ABOUT_RETURN_TYPE = YES_ERROR;
				GCC_WARN_UNDECLARED_SELECTOR = YES;
				GCC_WARN_UNINITIALIZED_AUTOS = YES_AGGRESSIVE;
				GCC_WARN_UNUSED_FUNCTION = YES;
				GCC_WARN_UNUSED_VARIABLE = YES;
				IPHONEOS_DEPLOYMENT_TARGET = 15.4;
				MTL_ENABLE_DEBUG_INFO = NO;
				MTL_FAST_MATH = YES;
				SDKROOT = iphoneos;
				SWIFT_COMPILATION_MODE = wholemodule;
				SWIFT_OPTIMIZATION_LEVEL = "-O";
				VALIDATE_PRODUCT = YES;
			};
			name = Release;
		};
		19ACC93728A411860085EF80 /* Debug */ = {
			isa = XCBuildConfiguration;
			baseConfigurationReference = C41D2A506D64479D40EFFAD4 /* Pods-Justo.debug.xcconfig */;
			buildSettings = {
				ASSETCATALOG_COMPILER_APPICON_NAME = AppIcon;
				ASSETCATALOG_COMPILER_GLOBAL_ACCENT_COLOR_NAME = AccentColor;
				CODE_SIGN_STYLE = Automatic;
				CURRENT_PROJECT_VERSION = 1;
				DEVELOPMENT_TEAM = BR3P2ZY3G5;
				GENERATE_INFOPLIST_FILE = YES;
				INFOPLIST_FILE = Justo/Info.plist;
				INFOPLIST_KEY_UIApplicationSupportsIndirectInputEvents = YES;
				INFOPLIST_KEY_UILaunchStoryboardName = LaunchScreen;
				INFOPLIST_KEY_UIMainStoryboardFile = Main;
				INFOPLIST_KEY_UISupportedInterfaceOrientations_iPad = "UIInterfaceOrientationPortrait UIInterfaceOrientationPortraitUpsideDown UIInterfaceOrientationLandscapeLeft UIInterfaceOrientationLandscapeRight";
				INFOPLIST_KEY_UISupportedInterfaceOrientations_iPhone = "UIInterfaceOrientationPortrait UIInterfaceOrientationLandscapeLeft UIInterfaceOrientationLandscapeRight";
				LD_RUNPATH_SEARCH_PATHS = (
					"$(inherited)",
					"@executable_path/Frameworks",
				);
				MARKETING_VERSION = 1.0;
				PRODUCT_BUNDLE_IDENTIFIER = Ricardo.Justo;
				PRODUCT_NAME = "$(TARGET_NAME)";
				SWIFT_EMIT_LOC_STRINGS = YES;
				SWIFT_VERSION = 5.0;
				TARGETED_DEVICE_FAMILY = "1,2";
			};
			name = Debug;
		};
		19ACC93828A411860085EF80 /* Release */ = {
			isa = XCBuildConfiguration;
			baseConfigurationReference = 3DF6574845A352F569A133BD /* Pods-Justo.release.xcconfig */;
			buildSettings = {
				ASSETCATALOG_COMPILER_APPICON_NAME = AppIcon;
				ASSETCATALOG_COMPILER_GLOBAL_ACCENT_COLOR_NAME = AccentColor;
				CODE_SIGN_STYLE = Automatic;
				CURRENT_PROJECT_VERSION = 1;
				DEVELOPMENT_TEAM = BR3P2ZY3G5;
				GENERATE_INFOPLIST_FILE = YES;
				INFOPLIST_FILE = Justo/Info.plist;
				INFOPLIST_KEY_UIApplicationSupportsIndirectInputEvents = YES;
				INFOPLIST_KEY_UILaunchStoryboardName = LaunchScreen;
				INFOPLIST_KEY_UIMainStoryboardFile = Main;
				INFOPLIST_KEY_UISupportedInterfaceOrientations_iPad = "UIInterfaceOrientationPortrait UIInterfaceOrientationPortraitUpsideDown UIInterfaceOrientationLandscapeLeft UIInterfaceOrientationLandscapeRight";
				INFOPLIST_KEY_UISupportedInterfaceOrientations_iPhone = "UIInterfaceOrientationPortrait UIInterfaceOrientationLandscapeLeft UIInterfaceOrientationLandscapeRight";
				LD_RUNPATH_SEARCH_PATHS = (
					"$(inherited)",
					"@executable_path/Frameworks",
				);
				MARKETING_VERSION = 1.0;
				PRODUCT_BUNDLE_IDENTIFIER = Ricardo.Justo;
				PRODUCT_NAME = "$(TARGET_NAME)";
				SWIFT_EMIT_LOC_STRINGS = YES;
				SWIFT_VERSION = 5.0;
				TARGETED_DEVICE_FAMILY = "1,2";
			};
			name = Release;
		};
/* End XCBuildConfiguration section */

/* Begin XCConfigurationList section */
		19ACC91D28A411820085EF80 /* Build configuration list for PBXProject "Justo" */ = {
			isa = XCConfigurationList;
			buildConfigurations = (
				19ACC93428A411860085EF80 /* Debug */,
				19ACC93528A411860085EF80 /* Release */,
			);
			defaultConfigurationIsVisible = 0;
			defaultConfigurationName = Release;
		};
		19ACC93628A411860085EF80 /* Build configuration list for PBXNativeTarget "Justo" */ = {
			isa = XCConfigurationList;
			buildConfigurations = (
				19ACC93728A411860085EF80 /* Debug */,
				19ACC93828A411860085EF80 /* Release */,
			);
			defaultConfigurationIsVisible = 0;
			defaultConfigurationName = Release;
		};
/* End XCConfigurationList section */
	};
	rootObject = 19ACC91A28A411820085EF80 /* Project object */;
}
